
Microsoft Visual Studio Solution File, Format Version 12.00
# Visual Studio 15
VisualStudioVersion = 15.0.28010.2036
MinimumVisualStudioVersion = 10.0.40219.1
Project("{FAE04EC0-301F-11D3-BF4B-00C04F79EFBC}") = "LEARNING_ENTITY_FRAMEWORK", "LEARNING_ENTITY_FRAMEWORK\LEARNING_ENTITY_FRAMEWORK.csproj", "{22730E18-EBDC-424F-B159-908964A9430E}"
EndProject
Global
	GlobalSection(SolutionConfigurationPlatforms) = preSolution
		Debug|x86 = Debug|x86
		Release|x86 = Release|x86
	EndGlobalSection
	GlobalSection(ProjectConfigurationPlatforms) = postSolution
		{22730E18-EBDC-424F-B159-908964A9430E}.Debug|x86.ActiveCfg = Debug|x86
		{22730E18-EBDC-424F-B159-908964A9430E}.Debug|x86.Build.0 = Debug|x86
		{22730E18-EBDC-424F-B159-908964A9430E}.Release|x86.ActiveCfg = Release|x86
		{22730E18-EBDC-424F-B159-908964A9430E}.Release|x86.Build.0 = Release|x86
	EndGlobalSection
	GlobalSection(SolutionProperties) = preSolution
		HideSolutionNode = FALSE
	EndGlobalSection
	GlobalSection(ExtensibilityGlobals) = postSolution
		SolutionGuid = {E3B6EAE6-49FF-4998-B952-6250542C5198}
	EndGlobalSection
EndGlobal
